{
  "name": "kafka-producer-consumer",
  "version": "1.0.0",
  "lockfileVersion": 2,
  "requires": true,
  "packages": {
    "": {
      "name": "kafka-producer-consumer",
      "version": "1.0.0",
      "license": "ISC",
      "dependencies": {
        "avsc": "^5.6.2",
        "kafkajs": "^2.2.2",
        "random-word-slugs": "^0.1.6"
      }
    },
    "node_modules/avsc": {
      "version": "5.6.2",
      "resolved": "https://registry.npmjs.org/avsc/-/avsc-5.6.2.tgz",
      "integrity": "sha512-DL5szWXKt2dG+gBwacRyKHqFKuicjswhlyTREsKXZP13PecO6NUmjf2lk9ZUoxcaFr8X1Q8MDTUp+9MgaaHJpA==",
      "engines": {
        "node": ">=0.11"
      }
    },
    "node_modules/kafkajs": {
      "version": "2.2.2",
      "resolved": "https://registry.npmjs.org/kafkajs/-/kafkajs-2.2.2.tgz",
      "integrity": "sha512-9wpGLAwRVbVtSew3xwi2f2BMuYLXWhYcoYB/O7gd1JYOYuYTAEC60CeFgRQugI016MxqvOKnOOA+l1jx+4b84g==",
      "engines": {
        "node": ">=14.0.0"
      }
    },
    "node_modules/random-word-slugs": {
      "version": "0.1.6",
      "resolved": "https://registry.npmjs.org/random-word-slugs/-/random-word-slugs-0.1.6.tgz",
      "integrity": "sha512-EVPGKyhXTdnBlMCrqBvby3nf9Jz+W/rVuP2nOi68aDZa6VJ2OXvz+VDCwl8jULBLZ1Ht8wscRA+/SogeI9NYGw=="
    }
  },
  "dependencies": {
    "avsc": {
      "version": "5.6.2",
      "resolved": "https://registry.npmjs.org/avsc/-/avsc-5.6.2.tgz",
      "integrity": "sha512-DL5szWXKt2dG+gBwacRyKHqFKuicjswhlyTREsKXZP13PecO6NUmjf2lk9ZUoxcaFr8X1Q8MDTUp+9MgaaHJpA=="
    },
    "kafkajs": {
      "version": "2.2.2",
      "resolved": "https://registry.npmjs.org/kafkajs/-/kafkajs-2.2.2.tgz",
      "integrity": "sha512-9wpGLAwRVbVtSew3xwi2f2BMuYLXWhYcoYB/O7gd1JYOYuYTAEC60CeFgRQugI016MxqvOKnOOA+l1jx+4b84g=="
    },
    "random-word-slugs": {
      "version": "0.1.6",
      "resolved": "https://registry.npmjs.org/random-word-slugs/-/random-word-slugs-0.1.6.tgz",
      "integrity": "sha512-EVPGKyhXTdnBlMCrqBvby3nf9Jz+W/rVuP2nOi68aDZa6VJ2OXvz+VDCwl8jULBLZ1Ht8wscRA+/SogeI9NYGw=="
    }
  }
}
